{
  "version": 4,
  "terraform_version": "1.6.6",
  "serial": 11,
  "lineage": "21ca3f02-4f24-476e-2fbf-bece5d482210",
  "outputs": {},
  "resources": [
    {
      "mode": "managed",
      "type": "aws_vpc",
      "name": "vpc_ohio",
      "provider": "provider[\"registry.terraform.io/hashicorp/aws\"].ohio",
      "instances": [
        {
          "schema_version": 1,
          "attributes": {
            "arn": "arn:aws:ec2:us-east-2:707477331236:vpc/vpc-06a286e8138f9af50",
            "assign_generated_ipv6_cidr_block": false,
            "cidr_block": "10.0.0.0/16",
            "default_network_acl_id": "acl-0c47c86552f9f2d40",
            "default_route_table_id": "rtb-0cdd2819dde8be40e",
            "default_security_group_id": "sg-0425c621bf07c1a1f",
            "dhcp_options_id": "dopt-036e5e658baf20033",
            "enable_dns_hostnames": false,
            "enable_dns_support": true,
            "enable_network_address_usage_metrics": false,
            "id": "vpc-06a286e8138f9af50",
            "instance_tenancy": "default",
            "ipv4_ipam_pool_id": null,
            "ipv4_netmask_length": null,
            "ipv6_association_id": "",
            "ipv6_cidr_block": "",
            "ipv6_cidr_block_network_border_group": "",
            "ipv6_ipam_pool_id": "",
            "ipv6_netmask_length": 0,
            "main_route_table_id": "rtb-0cdd2819dde8be40e",
            "owner_id": "707477331236",
            "tags": {
              "Creator": "jsolares",
              "Enviroment": "DEV",
              "Name": "vpc_terraform_ohio"
            },
            "tags_all": {
              "Creator": "jsolares",
              "Enviroment": "DEV",
              "Name": "vpc_terraform_ohio"
            }
          },
          "sensitive_attributes": [],
          "private": "eyJzY2hlbWFfdmVyc2lvbiI6IjEifQ=="
        }
      ]
    },
    {
      "mode": "managed",
      "type": "aws_vpc",
      "name": "vpc_virginia",
      "provider": "provider[\"registry.terraform.io/hashicorp/aws\"].virginia",
      "instances": [
        {
          "schema_version": 1,
          "attributes": {
            "arn": "arn:aws:ec2:us-east-1:707477331236:vpc/vpc-034006606ed5ac3bd",
            "assign_generated_ipv6_cidr_block": false,
            "cidr_block": "10.0.0.0/16",
            "default_network_acl_id": "acl-0b0d58fb38d16967d",
            "default_route_table_id": "rtb-06b7dee5cd7f121eb",
            "default_security_group_id": "sg-0a208ffcfc5f149f0",
            "dhcp_options_id": "dopt-0bf175047eace911b",
            "enable_dns_hostnames": false,
            "enable_dns_support": true,
            "enable_network_address_usage_metrics": false,
            "id": "vpc-034006606ed5ac3bd",
            "instance_tenancy": "default",
            "ipv4_ipam_pool_id": null,
            "ipv4_netmask_length": null,
            "ipv6_association_id": "",
            "ipv6_cidr_block": "",
            "ipv6_cidr_block_network_border_group": "",
            "ipv6_ipam_pool_id": "",
            "ipv6_netmask_length": 0,
            "main_route_table_id": "rtb-06b7dee5cd7f121eb",
            "owner_id": "707477331236",
            "tags": {
              "Creator": "jsolares",
              "Enviroment": "DEV",
              "Name": "vpc_terraform"
            },
            "tags_all": {
              "Creator": "jsolares",
              "Enviroment": "DEV",
              "Name": "vpc_terraform"
            }
          },
          "sensitive_attributes": [],
          "private": "eyJzY2hlbWFfdmVyc2lvbiI6IjEifQ=="
        }
      ]
    }
  ],
  "check_results": null
}
