{
  "version": 4,
  "terraform_version": "1.6.6",
  "serial": 19,
  "lineage": "21ca3f02-4f24-476e-2fbf-bece5d482210",
  "outputs": {},
  "resources": [
    {
      "mode": "managed",
      "type": "aws_vpc",
      "name": "vpc_ohio",
      "provider": "provider[\"registry.terraform.io/hashicorp/aws\"].ohio",
      "instances": [
        {
          "schema_version": 1,
          "attributes": {
            "arn": "arn:aws:ec2:us-east-2:707477331236:vpc/vpc-05889998c38e8bfbe",
            "assign_generated_ipv6_cidr_block": false,
            "cidr_block": "10.20.0.0/16",
            "default_network_acl_id": "acl-05eb05292aabe31b9",
            "default_route_table_id": "rtb-0818cfefbbcd544fa",
            "default_security_group_id": "sg-0434a3a42d6bfa57a",
            "dhcp_options_id": "dopt-036e5e658baf20033",
            "enable_dns_hostnames": false,
            "enable_dns_support": true,
            "enable_network_address_usage_metrics": false,
            "id": "vpc-05889998c38e8bfbe",
            "instance_tenancy": "default",
            "ipv4_ipam_pool_id": null,
            "ipv4_netmask_length": null,
            "ipv6_association_id": "",
            "ipv6_cidr_block": "",
            "ipv6_cidr_block_network_border_group": "",
            "ipv6_ipam_pool_id": "",
            "ipv6_netmask_length": 0,
            "main_route_table_id": "rtb-0818cfefbbcd544fa",
            "owner_id": "707477331236",
            "tags": {
              "Creator": "jsolares",
              "Enviroment": "DEV",
              "Name": "vpc_terraform_ohio"
            },
            "tags_all": {
              "Creator": "jsolares",
              "Enviroment": "DEV",
              "Name": "vpc_terraform_ohio"
            }
          },
          "sensitive_attributes": [],
          "private": "eyJzY2hlbWFfdmVyc2lvbiI6IjEifQ=="
        }
      ]
    },
    {
      "mode": "managed",
      "type": "aws_vpc",
      "name": "vpc_virginia",
      "provider": "provider[\"registry.terraform.io/hashicorp/aws\"].virginia",
      "instances": [
        {
          "schema_version": 1,
          "attributes": {
            "arn": "arn:aws:ec2:us-east-1:707477331236:vpc/vpc-0ea481beb28564efc",
            "assign_generated_ipv6_cidr_block": false,
            "cidr_block": "10.10.0.0/16",
            "default_network_acl_id": "acl-0a3a8a11d657c52d5",
            "default_route_table_id": "rtb-0a25ef1cd71171cce",
            "default_security_group_id": "sg-0d163dd2f3d5de731",
            "dhcp_options_id": "dopt-0bf175047eace911b",
            "enable_dns_hostnames": false,
            "enable_dns_support": true,
            "enable_network_address_usage_metrics": false,
            "id": "vpc-0ea481beb28564efc",
            "instance_tenancy": "default",
            "ipv4_ipam_pool_id": null,
            "ipv4_netmask_length": null,
            "ipv6_association_id": "",
            "ipv6_cidr_block": "",
            "ipv6_cidr_block_network_border_group": "",
            "ipv6_ipam_pool_id": "",
            "ipv6_netmask_length": 0,
            "main_route_table_id": "rtb-0a25ef1cd71171cce",
            "owner_id": "707477331236",
            "tags": {
              "Creator": "jsolares",
              "Enviroment": "DEV",
              "Name": "vpc_terraform"
            },
            "tags_all": {
              "Creator": "jsolares",
              "Enviroment": "DEV",
              "Name": "vpc_terraform"
            }
          },
          "sensitive_attributes": [],
          "private": "eyJzY2hlbWFfdmVyc2lvbiI6IjEifQ=="
        }
      ]
    }
  ],
  "check_results": null
}
