{
  "version": 4,
  "terraform_version": "1.6.6",
  "serial": 190,
  "lineage": "9a7bcd7e-0ddc-3780-bee6-e2a499b8094d",
  "outputs": {},
  "resources": [
    {
      "mode": "managed",
      "type": "local_file",
      "name": "productos",
      "provider": "provider[\"registry.terraform.io/hashicorp/local\"]",
      "instances": [
        {
          "index_key": 0,
          "schema_version": 0,
          "attributes": {
            "content": "lista de productos para el mes proximo",
            "content_base64": null,
            "content_base64sha256": "yjdpLJg56J6zsMJYhs6U+5SrbBzBIjCLzLUr279X+HA=",
            "content_base64sha512": "e1A6rYKLOEeO6y2MX9XnLMvqpMu+QStqXyp+uBvP3dikGEnd8nFnUFUmgwUYTh68ljLZgRcPozvgLwap0Pktiw==",
            "content_md5": "de36039aea37ed52d4854d93df99d73f",
            "content_sha1": "cfd84fd52eafb8a2b62d7bae660f4ace7cf5d41d",
            "content_sha256": "ca37692c9839e89eb3b0c25886ce94fb94ab6c1cc122308bccb52bdbbf57f870",
            "content_sha512": "7b503aad828b38478eeb2d8c5fd5e72ccbeaa4cbbe412b6a5f2a7eb81bcfddd8a41849ddf271675055268305184e1ebc9632d981170fa33be02f06a9d0f92d8b",
            "directory_permission": "0777",
            "file_permission": "0777",
            "filename": "productos-cwoj.txt",
            "id": "cfd84fd52eafb8a2b62d7bae660f4ace7cf5d41d",
            "sensitive_content": null,
            "source": null
          },
          "sensitive_attributes": [],
          "dependencies": [
            "random_string.sufijo"
          ]
        },
        {
          "index_key": 1,
          "schema_version": 0,
          "attributes": {
            "content": "lista de productos para el mes proximo",
            "content_base64": null,
            "content_base64sha256": "yjdpLJg56J6zsMJYhs6U+5SrbBzBIjCLzLUr279X+HA=",
            "content_base64sha512": "e1A6rYKLOEeO6y2MX9XnLMvqpMu+QStqXyp+uBvP3dikGEnd8nFnUFUmgwUYTh68ljLZgRcPozvgLwap0Pktiw==",
            "content_md5": "de36039aea37ed52d4854d93df99d73f",
            "content_sha1": "cfd84fd52eafb8a2b62d7bae660f4ace7cf5d41d",
            "content_sha256": "ca37692c9839e89eb3b0c25886ce94fb94ab6c1cc122308bccb52bdbbf57f870",
            "content_sha512": "7b503aad828b38478eeb2d8c5fd5e72ccbeaa4cbbe412b6a5f2a7eb81bcfddd8a41849ddf271675055268305184e1ebc9632d981170fa33be02f06a9d0f92d8b",
            "directory_permission": "0777",
            "file_permission": "0777",
            "filename": "productos-spcl.txt",
            "id": "cfd84fd52eafb8a2b62d7bae660f4ace7cf5d41d",
            "sensitive_content": null,
            "source": null
          },
          "sensitive_attributes": [],
          "dependencies": [
            "random_string.sufijo"
          ]
        },
        {
          "index_key": 2,
          "schema_version": 0,
          "attributes": {
            "content": "lista de productos para el mes proximo",
            "content_base64": null,
            "content_base64sha256": "yjdpLJg56J6zsMJYhs6U+5SrbBzBIjCLzLUr279X+HA=",
            "content_base64sha512": "e1A6rYKLOEeO6y2MX9XnLMvqpMu+QStqXyp+uBvP3dikGEnd8nFnUFUmgwUYTh68ljLZgRcPozvgLwap0Pktiw==",
            "content_md5": "de36039aea37ed52d4854d93df99d73f",
            "content_sha1": "cfd84fd52eafb8a2b62d7bae660f4ace7cf5d41d",
            "content_sha256": "ca37692c9839e89eb3b0c25886ce94fb94ab6c1cc122308bccb52bdbbf57f870",
            "content_sha512": "7b503aad828b38478eeb2d8c5fd5e72ccbeaa4cbbe412b6a5f2a7eb81bcfddd8a41849ddf271675055268305184e1ebc9632d981170fa33be02f06a9d0f92d8b",
            "directory_permission": "0777",
            "file_permission": "0777",
            "filename": "productos-dxxa.txt",
            "id": "cfd84fd52eafb8a2b62d7bae660f4ace7cf5d41d",
            "sensitive_content": null,
            "source": null
          },
          "sensitive_attributes": [],
          "dependencies": [
            "random_string.sufijo"
          ]
        },
        {
          "index_key": 3,
          "schema_version": 0,
          "attributes": {
            "content": "lista de productos para el mes proximo",
            "content_base64": null,
            "content_base64sha256": "yjdpLJg56J6zsMJYhs6U+5SrbBzBIjCLzLUr279X+HA=",
            "content_base64sha512": "e1A6rYKLOEeO6y2MX9XnLMvqpMu+QStqXyp+uBvP3dikGEnd8nFnUFUmgwUYTh68ljLZgRcPozvgLwap0Pktiw==",
            "content_md5": "de36039aea37ed52d4854d93df99d73f",
            "content_sha1": "cfd84fd52eafb8a2b62d7bae660f4ace7cf5d41d",
            "content_sha256": "ca37692c9839e89eb3b0c25886ce94fb94ab6c1cc122308bccb52bdbbf57f870",
            "content_sha512": "7b503aad828b38478eeb2d8c5fd5e72ccbeaa4cbbe412b6a5f2a7eb81bcfddd8a41849ddf271675055268305184e1ebc9632d981170fa33be02f06a9d0f92d8b",
            "directory_permission": "0777",
            "file_permission": "0777",
            "filename": "productos-ngos.txt",
            "id": "cfd84fd52eafb8a2b62d7bae660f4ace7cf5d41d",
            "sensitive_content": null,
            "source": null
          },
          "sensitive_attributes": [],
          "dependencies": [
            "random_string.sufijo"
          ]
        },
        {
          "index_key": 4,
          "schema_version": 0,
          "attributes": {
            "content": "lista de productos para el mes proximo",
            "content_base64": null,
            "content_base64sha256": "yjdpLJg56J6zsMJYhs6U+5SrbBzBIjCLzLUr279X+HA=",
            "content_base64sha512": "e1A6rYKLOEeO6y2MX9XnLMvqpMu+QStqXyp+uBvP3dikGEnd8nFnUFUmgwUYTh68ljLZgRcPozvgLwap0Pktiw==",
            "content_md5": "de36039aea37ed52d4854d93df99d73f",
            "content_sha1": "cfd84fd52eafb8a2b62d7bae660f4ace7cf5d41d",
            "content_sha256": "ca37692c9839e89eb3b0c25886ce94fb94ab6c1cc122308bccb52bdbbf57f870",
            "content_sha512": "7b503aad828b38478eeb2d8c5fd5e72ccbeaa4cbbe412b6a5f2a7eb81bcfddd8a41849ddf271675055268305184e1ebc9632d981170fa33be02f06a9d0f92d8b",
            "directory_permission": "0777",
            "file_permission": "0777",
            "filename": "productos-adte.txt",
            "id": "cfd84fd52eafb8a2b62d7bae660f4ace7cf5d41d",
            "sensitive_content": null,
            "source": null
          },
          "sensitive_attributes": [],
          "dependencies": [
            "random_string.sufijo"
          ]
        },
        {
          "index_key": 5,
          "schema_version": 0,
          "attributes": {
            "content": "lista de productos para el mes proximo",
            "content_base64": null,
            "content_base64sha256": "yjdpLJg56J6zsMJYhs6U+5SrbBzBIjCLzLUr279X+HA=",
            "content_base64sha512": "e1A6rYKLOEeO6y2MX9XnLMvqpMu+QStqXyp+uBvP3dikGEnd8nFnUFUmgwUYTh68ljLZgRcPozvgLwap0Pktiw==",
            "content_md5": "de36039aea37ed52d4854d93df99d73f",
            "content_sha1": "cfd84fd52eafb8a2b62d7bae660f4ace7cf5d41d",
            "content_sha256": "ca37692c9839e89eb3b0c25886ce94fb94ab6c1cc122308bccb52bdbbf57f870",
            "content_sha512": "7b503aad828b38478eeb2d8c5fd5e72ccbeaa4cbbe412b6a5f2a7eb81bcfddd8a41849ddf271675055268305184e1ebc9632d981170fa33be02f06a9d0f92d8b",
            "directory_permission": "0777",
            "file_permission": "0777",
            "filename": "productos-ooel.txt",
            "id": "cfd84fd52eafb8a2b62d7bae660f4ace7cf5d41d",
            "sensitive_content": null,
            "source": null
          },
          "sensitive_attributes": [],
          "dependencies": [
            "random_string.sufijo"
          ]
        },
        {
          "index_key": 6,
          "schema_version": 0,
          "attributes": {
            "content": "lista de productos para el mes proximo",
            "content_base64": null,
            "content_base64sha256": "yjdpLJg56J6zsMJYhs6U+5SrbBzBIjCLzLUr279X+HA=",
            "content_base64sha512": "e1A6rYKLOEeO6y2MX9XnLMvqpMu+QStqXyp+uBvP3dikGEnd8nFnUFUmgwUYTh68ljLZgRcPozvgLwap0Pktiw==",
            "content_md5": "de36039aea37ed52d4854d93df99d73f",
            "content_sha1": "cfd84fd52eafb8a2b62d7bae660f4ace7cf5d41d",
            "content_sha256": "ca37692c9839e89eb3b0c25886ce94fb94ab6c1cc122308bccb52bdbbf57f870",
            "content_sha512": "7b503aad828b38478eeb2d8c5fd5e72ccbeaa4cbbe412b6a5f2a7eb81bcfddd8a41849ddf271675055268305184e1ebc9632d981170fa33be02f06a9d0f92d8b",
            "directory_permission": "0777",
            "file_permission": "0777",
            "filename": "productos-efgo.txt",
            "id": "cfd84fd52eafb8a2b62d7bae660f4ace7cf5d41d",
            "sensitive_content": null,
            "source": null
          },
          "sensitive_attributes": [],
          "dependencies": [
            "random_string.sufijo"
          ]
        },
        {
          "index_key": 7,
          "schema_version": 0,
          "attributes": {
            "content": "lista de productos para el mes proximo",
            "content_base64": null,
            "content_base64sha256": "yjdpLJg56J6zsMJYhs6U+5SrbBzBIjCLzLUr279X+HA=",
            "content_base64sha512": "e1A6rYKLOEeO6y2MX9XnLMvqpMu+QStqXyp+uBvP3dikGEnd8nFnUFUmgwUYTh68ljLZgRcPozvgLwap0Pktiw==",
            "content_md5": "de36039aea37ed52d4854d93df99d73f",
            "content_sha1": "cfd84fd52eafb8a2b62d7bae660f4ace7cf5d41d",
            "content_sha256": "ca37692c9839e89eb3b0c25886ce94fb94ab6c1cc122308bccb52bdbbf57f870",
            "content_sha512": "7b503aad828b38478eeb2d8c5fd5e72ccbeaa4cbbe412b6a5f2a7eb81bcfddd8a41849ddf271675055268305184e1ebc9632d981170fa33be02f06a9d0f92d8b",
            "directory_permission": "0777",
            "file_permission": "0777",
            "filename": "productos-hqli.txt",
            "id": "cfd84fd52eafb8a2b62d7bae660f4ace7cf5d41d",
            "sensitive_content": null,
            "source": null
          },
          "sensitive_attributes": [],
          "dependencies": [
            "random_string.sufijo"
          ]
        },
        {
          "index_key": 8,
          "schema_version": 0,
          "attributes": {
            "content": "lista de productos para el mes proximo",
            "content_base64": null,
            "content_base64sha256": "yjdpLJg56J6zsMJYhs6U+5SrbBzBIjCLzLUr279X+HA=",
            "content_base64sha512": "e1A6rYKLOEeO6y2MX9XnLMvqpMu+QStqXyp+uBvP3dikGEnd8nFnUFUmgwUYTh68ljLZgRcPozvgLwap0Pktiw==",
            "content_md5": "de36039aea37ed52d4854d93df99d73f",
            "content_sha1": "cfd84fd52eafb8a2b62d7bae660f4ace7cf5d41d",
            "content_sha256": "ca37692c9839e89eb3b0c25886ce94fb94ab6c1cc122308bccb52bdbbf57f870",
            "content_sha512": "7b503aad828b38478eeb2d8c5fd5e72ccbeaa4cbbe412b6a5f2a7eb81bcfddd8a41849ddf271675055268305184e1ebc9632d981170fa33be02f06a9d0f92d8b",
            "directory_permission": "0777",
            "file_permission": "0777",
            "filename": "productos-hiqv.txt",
            "id": "cfd84fd52eafb8a2b62d7bae660f4ace7cf5d41d",
            "sensitive_content": null,
            "source": null
          },
          "sensitive_attributes": [],
          "dependencies": [
            "random_string.sufijo"
          ]
        },
        {
          "index_key": 9,
          "schema_version": 0,
          "attributes": {
            "content": "lista de productos para el mes proximo",
            "content_base64": null,
            "content_base64sha256": "yjdpLJg56J6zsMJYhs6U+5SrbBzBIjCLzLUr279X+HA=",
            "content_base64sha512": "e1A6rYKLOEeO6y2MX9XnLMvqpMu+QStqXyp+uBvP3dikGEnd8nFnUFUmgwUYTh68ljLZgRcPozvgLwap0Pktiw==",
            "content_md5": "de36039aea37ed52d4854d93df99d73f",
            "content_sha1": "cfd84fd52eafb8a2b62d7bae660f4ace7cf5d41d",
            "content_sha256": "ca37692c9839e89eb3b0c25886ce94fb94ab6c1cc122308bccb52bdbbf57f870",
            "content_sha512": "7b503aad828b38478eeb2d8c5fd5e72ccbeaa4cbbe412b6a5f2a7eb81bcfddd8a41849ddf271675055268305184e1ebc9632d981170fa33be02f06a9d0f92d8b",
            "directory_permission": "0777",
            "file_permission": "0777",
            "filename": "productos-idex.txt",
            "id": "cfd84fd52eafb8a2b62d7bae660f4ace7cf5d41d",
            "sensitive_content": null,
            "source": null
          },
          "sensitive_attributes": [],
          "dependencies": [
            "random_string.sufijo"
          ]
        },
        {
          "index_key": 10,
          "schema_version": 0,
          "attributes": {
            "content": "lista de productos para el mes proximo",
            "content_base64": null,
            "content_base64sha256": "yjdpLJg56J6zsMJYhs6U+5SrbBzBIjCLzLUr279X+HA=",
            "content_base64sha512": "e1A6rYKLOEeO6y2MX9XnLMvqpMu+QStqXyp+uBvP3dikGEnd8nFnUFUmgwUYTh68ljLZgRcPozvgLwap0Pktiw==",
            "content_md5": "de36039aea37ed52d4854d93df99d73f",
            "content_sha1": "cfd84fd52eafb8a2b62d7bae660f4ace7cf5d41d",
            "content_sha256": "ca37692c9839e89eb3b0c25886ce94fb94ab6c1cc122308bccb52bdbbf57f870",
            "content_sha512": "7b503aad828b38478eeb2d8c5fd5e72ccbeaa4cbbe412b6a5f2a7eb81bcfddd8a41849ddf271675055268305184e1ebc9632d981170fa33be02f06a9d0f92d8b",
            "directory_permission": "0777",
            "file_permission": "0777",
            "filename": "productos-vmwe.txt",
            "id": "cfd84fd52eafb8a2b62d7bae660f4ace7cf5d41d",
            "sensitive_content": null,
            "source": null
          },
          "sensitive_attributes": [],
          "dependencies": [
            "random_string.sufijo"
          ]
        },
        {
          "index_key": 11,
          "schema_version": 0,
          "attributes": {
            "content": "lista de productos para el mes proximo",
            "content_base64": null,
            "content_base64sha256": "yjdpLJg56J6zsMJYhs6U+5SrbBzBIjCLzLUr279X+HA=",
            "content_base64sha512": "e1A6rYKLOEeO6y2MX9XnLMvqpMu+QStqXyp+uBvP3dikGEnd8nFnUFUmgwUYTh68ljLZgRcPozvgLwap0Pktiw==",
            "content_md5": "de36039aea37ed52d4854d93df99d73f",
            "content_sha1": "cfd84fd52eafb8a2b62d7bae660f4ace7cf5d41d",
            "content_sha256": "ca37692c9839e89eb3b0c25886ce94fb94ab6c1cc122308bccb52bdbbf57f870",
            "content_sha512": "7b503aad828b38478eeb2d8c5fd5e72ccbeaa4cbbe412b6a5f2a7eb81bcfddd8a41849ddf271675055268305184e1ebc9632d981170fa33be02f06a9d0f92d8b",
            "directory_permission": "0777",
            "file_permission": "0777",
            "filename": "productos-rwjf.txt",
            "id": "cfd84fd52eafb8a2b62d7bae660f4ace7cf5d41d",
            "sensitive_content": null,
            "source": null
          },
          "sensitive_attributes": [],
          "dependencies": [
            "random_string.sufijo"
          ]
        },
        {
          "index_key": 12,
          "schema_version": 0,
          "attributes": {
            "content": "lista de productos para el mes proximo",
            "content_base64": null,
            "content_base64sha256": "yjdpLJg56J6zsMJYhs6U+5SrbBzBIjCLzLUr279X+HA=",
            "content_base64sha512": "e1A6rYKLOEeO6y2MX9XnLMvqpMu+QStqXyp+uBvP3dikGEnd8nFnUFUmgwUYTh68ljLZgRcPozvgLwap0Pktiw==",
            "content_md5": "de36039aea37ed52d4854d93df99d73f",
            "content_sha1": "cfd84fd52eafb8a2b62d7bae660f4ace7cf5d41d",
            "content_sha256": "ca37692c9839e89eb3b0c25886ce94fb94ab6c1cc122308bccb52bdbbf57f870",
            "content_sha512": "7b503aad828b38478eeb2d8c5fd5e72ccbeaa4cbbe412b6a5f2a7eb81bcfddd8a41849ddf271675055268305184e1ebc9632d981170fa33be02f06a9d0f92d8b",
            "directory_permission": "0777",
            "file_permission": "0777",
            "filename": "productos-lqzf.txt",
            "id": "cfd84fd52eafb8a2b62d7bae660f4ace7cf5d41d",
            "sensitive_content": null,
            "source": null
          },
          "sensitive_attributes": [],
          "dependencies": [
            "random_string.sufijo"
          ]
        },
        {
          "index_key": 13,
          "schema_version": 0,
          "attributes": {
            "content": "lista de productos para el mes proximo",
            "content_base64": null,
            "content_base64sha256": "yjdpLJg56J6zsMJYhs6U+5SrbBzBIjCLzLUr279X+HA=",
            "content_base64sha512": "e1A6rYKLOEeO6y2MX9XnLMvqpMu+QStqXyp+uBvP3dikGEnd8nFnUFUmgwUYTh68ljLZgRcPozvgLwap0Pktiw==",
            "content_md5": "de36039aea37ed52d4854d93df99d73f",
            "content_sha1": "cfd84fd52eafb8a2b62d7bae660f4ace7cf5d41d",
            "content_sha256": "ca37692c9839e89eb3b0c25886ce94fb94ab6c1cc122308bccb52bdbbf57f870",
            "content_sha512": "7b503aad828b38478eeb2d8c5fd5e72ccbeaa4cbbe412b6a5f2a7eb81bcfddd8a41849ddf271675055268305184e1ebc9632d981170fa33be02f06a9d0f92d8b",
            "directory_permission": "0777",
            "file_permission": "0777",
            "filename": "productos-wzpn.txt",
            "id": "cfd84fd52eafb8a2b62d7bae660f4ace7cf5d41d",
            "sensitive_content": null,
            "source": null
          },
          "sensitive_attributes": [],
          "dependencies": [
            "random_string.sufijo"
          ]
        },
        {
          "index_key": 14,
          "schema_version": 0,
          "attributes": {
            "content": "lista de productos para el mes proximo",
            "content_base64": null,
            "content_base64sha256": "yjdpLJg56J6zsMJYhs6U+5SrbBzBIjCLzLUr279X+HA=",
            "content_base64sha512": "e1A6rYKLOEeO6y2MX9XnLMvqpMu+QStqXyp+uBvP3dikGEnd8nFnUFUmgwUYTh68ljLZgRcPozvgLwap0Pktiw==",
            "content_md5": "de36039aea37ed52d4854d93df99d73f",
            "content_sha1": "cfd84fd52eafb8a2b62d7bae660f4ace7cf5d41d",
            "content_sha256": "ca37692c9839e89eb3b0c25886ce94fb94ab6c1cc122308bccb52bdbbf57f870",
            "content_sha512": "7b503aad828b38478eeb2d8c5fd5e72ccbeaa4cbbe412b6a5f2a7eb81bcfddd8a41849ddf271675055268305184e1ebc9632d981170fa33be02f06a9d0f92d8b",
            "directory_permission": "0777",
            "file_permission": "0777",
            "filename": "productos-udmz.txt",
            "id": "cfd84fd52eafb8a2b62d7bae660f4ace7cf5d41d",
            "sensitive_content": null,
            "source": null
          },
          "sensitive_attributes": [],
          "dependencies": [
            "random_string.sufijo"
          ]
        },
        {
          "index_key": 15,
          "schema_version": 0,
          "attributes": {
            "content": "lista de productos para el mes proximo",
            "content_base64": null,
            "content_base64sha256": "yjdpLJg56J6zsMJYhs6U+5SrbBzBIjCLzLUr279X+HA=",
            "content_base64sha512": "e1A6rYKLOEeO6y2MX9XnLMvqpMu+QStqXyp+uBvP3dikGEnd8nFnUFUmgwUYTh68ljLZgRcPozvgLwap0Pktiw==",
            "content_md5": "de36039aea37ed52d4854d93df99d73f",
            "content_sha1": "cfd84fd52eafb8a2b62d7bae660f4ace7cf5d41d",
            "content_sha256": "ca37692c9839e89eb3b0c25886ce94fb94ab6c1cc122308bccb52bdbbf57f870",
            "content_sha512": "7b503aad828b38478eeb2d8c5fd5e72ccbeaa4cbbe412b6a5f2a7eb81bcfddd8a41849ddf271675055268305184e1ebc9632d981170fa33be02f06a9d0f92d8b",
            "directory_permission": "0777",
            "file_permission": "0777",
            "filename": "productos-oyim.txt",
            "id": "cfd84fd52eafb8a2b62d7bae660f4ace7cf5d41d",
            "sensitive_content": null,
            "source": null
          },
          "sensitive_attributes": [],
          "dependencies": [
            "random_string.sufijo"
          ]
        },
        {
          "index_key": 16,
          "schema_version": 0,
          "attributes": {
            "content": "lista de productos para el mes proximo",
            "content_base64": null,
            "content_base64sha256": "yjdpLJg56J6zsMJYhs6U+5SrbBzBIjCLzLUr279X+HA=",
            "content_base64sha512": "e1A6rYKLOEeO6y2MX9XnLMvqpMu+QStqXyp+uBvP3dikGEnd8nFnUFUmgwUYTh68ljLZgRcPozvgLwap0Pktiw==",
            "content_md5": "de36039aea37ed52d4854d93df99d73f",
            "content_sha1": "cfd84fd52eafb8a2b62d7bae660f4ace7cf5d41d",
            "content_sha256": "ca37692c9839e89eb3b0c25886ce94fb94ab6c1cc122308bccb52bdbbf57f870",
            "content_sha512": "7b503aad828b38478eeb2d8c5fd5e72ccbeaa4cbbe412b6a5f2a7eb81bcfddd8a41849ddf271675055268305184e1ebc9632d981170fa33be02f06a9d0f92d8b",
            "directory_permission": "0777",
            "file_permission": "0777",
            "filename": "productos-ewvb.txt",
            "id": "cfd84fd52eafb8a2b62d7bae660f4ace7cf5d41d",
            "sensitive_content": null,
            "source": null
          },
          "sensitive_attributes": [],
          "dependencies": [
            "random_string.sufijo"
          ]
        },
        {
          "index_key": 17,
          "schema_version": 0,
          "attributes": {
            "content": "lista de productos para el mes proximo",
            "content_base64": null,
            "content_base64sha256": "yjdpLJg56J6zsMJYhs6U+5SrbBzBIjCLzLUr279X+HA=",
            "content_base64sha512": "e1A6rYKLOEeO6y2MX9XnLMvqpMu+QStqXyp+uBvP3dikGEnd8nFnUFUmgwUYTh68ljLZgRcPozvgLwap0Pktiw==",
            "content_md5": "de36039aea37ed52d4854d93df99d73f",
            "content_sha1": "cfd84fd52eafb8a2b62d7bae660f4ace7cf5d41d",
            "content_sha256": "ca37692c9839e89eb3b0c25886ce94fb94ab6c1cc122308bccb52bdbbf57f870",
            "content_sha512": "7b503aad828b38478eeb2d8c5fd5e72ccbeaa4cbbe412b6a5f2a7eb81bcfddd8a41849ddf271675055268305184e1ebc9632d981170fa33be02f06a9d0f92d8b",
            "directory_permission": "0777",
            "file_permission": "0777",
            "filename": "productos-hgbg.txt",
            "id": "cfd84fd52eafb8a2b62d7bae660f4ace7cf5d41d",
            "sensitive_content": null,
            "source": null
          },
          "sensitive_attributes": [],
          "dependencies": [
            "random_string.sufijo"
          ]
        },
        {
          "index_key": 18,
          "schema_version": 0,
          "attributes": {
            "content": "lista de productos para el mes proximo",
            "content_base64": null,
            "content_base64sha256": "yjdpLJg56J6zsMJYhs6U+5SrbBzBIjCLzLUr279X+HA=",
            "content_base64sha512": "e1A6rYKLOEeO6y2MX9XnLMvqpMu+QStqXyp+uBvP3dikGEnd8nFnUFUmgwUYTh68ljLZgRcPozvgLwap0Pktiw==",
            "content_md5": "de36039aea37ed52d4854d93df99d73f",
            "content_sha1": "cfd84fd52eafb8a2b62d7bae660f4ace7cf5d41d",
            "content_sha256": "ca37692c9839e89eb3b0c25886ce94fb94ab6c1cc122308bccb52bdbbf57f870",
            "content_sha512": "7b503aad828b38478eeb2d8c5fd5e72ccbeaa4cbbe412b6a5f2a7eb81bcfddd8a41849ddf271675055268305184e1ebc9632d981170fa33be02f06a9d0f92d8b",
            "directory_permission": "0777",
            "file_permission": "0777",
            "filename": "productos-cdnc.txt",
            "id": "cfd84fd52eafb8a2b62d7bae660f4ace7cf5d41d",
            "sensitive_content": null,
            "source": null
          },
          "sensitive_attributes": [],
          "dependencies": [
            "random_string.sufijo"
          ]
        },
        {
          "index_key": 19,
          "schema_version": 0,
          "attributes": {
            "content": "lista de productos para el mes proximo",
            "content_base64": null,
            "content_base64sha256": "yjdpLJg56J6zsMJYhs6U+5SrbBzBIjCLzLUr279X+HA=",
            "content_base64sha512": "e1A6rYKLOEeO6y2MX9XnLMvqpMu+QStqXyp+uBvP3dikGEnd8nFnUFUmgwUYTh68ljLZgRcPozvgLwap0Pktiw==",
            "content_md5": "de36039aea37ed52d4854d93df99d73f",
            "content_sha1": "cfd84fd52eafb8a2b62d7bae660f4ace7cf5d41d",
            "content_sha256": "ca37692c9839e89eb3b0c25886ce94fb94ab6c1cc122308bccb52bdbbf57f870",
            "content_sha512": "7b503aad828b38478eeb2d8c5fd5e72ccbeaa4cbbe412b6a5f2a7eb81bcfddd8a41849ddf271675055268305184e1ebc9632d981170fa33be02f06a9d0f92d8b",
            "directory_permission": "0777",
            "file_permission": "0777",
            "filename": "productos-ecab.txt",
            "id": "cfd84fd52eafb8a2b62d7bae660f4ace7cf5d41d",
            "sensitive_content": null,
            "source": null
          },
          "sensitive_attributes": [],
          "dependencies": [
            "random_string.sufijo"
          ]
        },
        {
          "index_key": 20,
          "schema_version": 0,
          "attributes": {
            "content": "lista de productos para el mes proximo",
            "content_base64": null,
            "content_base64sha256": "yjdpLJg56J6zsMJYhs6U+5SrbBzBIjCLzLUr279X+HA=",
            "content_base64sha512": "e1A6rYKLOEeO6y2MX9XnLMvqpMu+QStqXyp+uBvP3dikGEnd8nFnUFUmgwUYTh68ljLZgRcPozvgLwap0Pktiw==",
            "content_md5": "de36039aea37ed52d4854d93df99d73f",
            "content_sha1": "cfd84fd52eafb8a2b62d7bae660f4ace7cf5d41d",
            "content_sha256": "ca37692c9839e89eb3b0c25886ce94fb94ab6c1cc122308bccb52bdbbf57f870",
            "content_sha512": "7b503aad828b38478eeb2d8c5fd5e72ccbeaa4cbbe412b6a5f2a7eb81bcfddd8a41849ddf271675055268305184e1ebc9632d981170fa33be02f06a9d0f92d8b",
            "directory_permission": "0777",
            "file_permission": "0777",
            "filename": "productos-iqog.txt",
            "id": "cfd84fd52eafb8a2b62d7bae660f4ace7cf5d41d",
            "sensitive_content": null,
            "source": null
          },
          "sensitive_attributes": [],
          "dependencies": [
            "random_string.sufijo"
          ]
        },
        {
          "index_key": 21,
          "schema_version": 0,
          "attributes": {
            "content": "lista de productos para el mes proximo",
            "content_base64": null,
            "content_base64sha256": "yjdpLJg56J6zsMJYhs6U+5SrbBzBIjCLzLUr279X+HA=",
            "content_base64sha512": "e1A6rYKLOEeO6y2MX9XnLMvqpMu+QStqXyp+uBvP3dikGEnd8nFnUFUmgwUYTh68ljLZgRcPozvgLwap0Pktiw==",
            "content_md5": "de36039aea37ed52d4854d93df99d73f",
            "content_sha1": "cfd84fd52eafb8a2b62d7bae660f4ace7cf5d41d",
            "content_sha256": "ca37692c9839e89eb3b0c25886ce94fb94ab6c1cc122308bccb52bdbbf57f870",
            "content_sha512": "7b503aad828b38478eeb2d8c5fd5e72ccbeaa4cbbe412b6a5f2a7eb81bcfddd8a41849ddf271675055268305184e1ebc9632d981170fa33be02f06a9d0f92d8b",
            "directory_permission": "0777",
            "file_permission": "0777",
            "filename": "productos-rrqt.txt",
            "id": "cfd84fd52eafb8a2b62d7bae660f4ace7cf5d41d",
            "sensitive_content": null,
            "source": null
          },
          "sensitive_attributes": [],
          "dependencies": [
            "random_string.sufijo"
          ]
        },
        {
          "index_key": 22,
          "schema_version": 0,
          "attributes": {
            "content": "lista de productos para el mes proximo",
            "content_base64": null,
            "content_base64sha256": "yjdpLJg56J6zsMJYhs6U+5SrbBzBIjCLzLUr279X+HA=",
            "content_base64sha512": "e1A6rYKLOEeO6y2MX9XnLMvqpMu+QStqXyp+uBvP3dikGEnd8nFnUFUmgwUYTh68ljLZgRcPozvgLwap0Pktiw==",
            "content_md5": "de36039aea37ed52d4854d93df99d73f",
            "content_sha1": "cfd84fd52eafb8a2b62d7bae660f4ace7cf5d41d",
            "content_sha256": "ca37692c9839e89eb3b0c25886ce94fb94ab6c1cc122308bccb52bdbbf57f870",
            "content_sha512": "7b503aad828b38478eeb2d8c5fd5e72ccbeaa4cbbe412b6a5f2a7eb81bcfddd8a41849ddf271675055268305184e1ebc9632d981170fa33be02f06a9d0f92d8b",
            "directory_permission": "0777",
            "file_permission": "0777",
            "filename": "productos-jryq.txt",
            "id": "cfd84fd52eafb8a2b62d7bae660f4ace7cf5d41d",
            "sensitive_content": null,
            "source": null
          },
          "sensitive_attributes": [],
          "dependencies": [
            "random_string.sufijo"
          ]
        },
        {
          "index_key": 23,
          "schema_version": 0,
          "attributes": {
            "content": "lista de productos para el mes proximo",
            "content_base64": null,
            "content_base64sha256": "yjdpLJg56J6zsMJYhs6U+5SrbBzBIjCLzLUr279X+HA=",
            "content_base64sha512": "e1A6rYKLOEeO6y2MX9XnLMvqpMu+QStqXyp+uBvP3dikGEnd8nFnUFUmgwUYTh68ljLZgRcPozvgLwap0Pktiw==",
            "content_md5": "de36039aea37ed52d4854d93df99d73f",
            "content_sha1": "cfd84fd52eafb8a2b62d7bae660f4ace7cf5d41d",
            "content_sha256": "ca37692c9839e89eb3b0c25886ce94fb94ab6c1cc122308bccb52bdbbf57f870",
            "content_sha512": "7b503aad828b38478eeb2d8c5fd5e72ccbeaa4cbbe412b6a5f2a7eb81bcfddd8a41849ddf271675055268305184e1ebc9632d981170fa33be02f06a9d0f92d8b",
            "directory_permission": "0777",
            "file_permission": "0777",
            "filename": "productos-ycug.txt",
            "id": "cfd84fd52eafb8a2b62d7bae660f4ace7cf5d41d",
            "sensitive_content": null,
            "source": null
          },
          "sensitive_attributes": [],
          "dependencies": [
            "random_string.sufijo"
          ]
        },
        {
          "index_key": 24,
          "schema_version": 0,
          "attributes": {
            "content": "lista de productos para el mes proximo",
            "content_base64": null,
            "content_base64sha256": "yjdpLJg56J6zsMJYhs6U+5SrbBzBIjCLzLUr279X+HA=",
            "content_base64sha512": "e1A6rYKLOEeO6y2MX9XnLMvqpMu+QStqXyp+uBvP3dikGEnd8nFnUFUmgwUYTh68ljLZgRcPozvgLwap0Pktiw==",
            "content_md5": "de36039aea37ed52d4854d93df99d73f",
            "content_sha1": "cfd84fd52eafb8a2b62d7bae660f4ace7cf5d41d",
            "content_sha256": "ca37692c9839e89eb3b0c25886ce94fb94ab6c1cc122308bccb52bdbbf57f870",
            "content_sha512": "7b503aad828b38478eeb2d8c5fd5e72ccbeaa4cbbe412b6a5f2a7eb81bcfddd8a41849ddf271675055268305184e1ebc9632d981170fa33be02f06a9d0f92d8b",
            "directory_permission": "0777",
            "file_permission": "0777",
            "filename": "productos-izni.txt",
            "id": "cfd84fd52eafb8a2b62d7bae660f4ace7cf5d41d",
            "sensitive_content": null,
            "source": null
          },
          "sensitive_attributes": [],
          "dependencies": [
            "random_string.sufijo"
          ]
        },
        {
          "index_key": 25,
          "schema_version": 0,
          "attributes": {
            "content": "lista de productos para el mes proximo",
            "content_base64": null,
            "content_base64sha256": "yjdpLJg56J6zsMJYhs6U+5SrbBzBIjCLzLUr279X+HA=",
            "content_base64sha512": "e1A6rYKLOEeO6y2MX9XnLMvqpMu+QStqXyp+uBvP3dikGEnd8nFnUFUmgwUYTh68ljLZgRcPozvgLwap0Pktiw==",
            "content_md5": "de36039aea37ed52d4854d93df99d73f",
            "content_sha1": "cfd84fd52eafb8a2b62d7bae660f4ace7cf5d41d",
            "content_sha256": "ca37692c9839e89eb3b0c25886ce94fb94ab6c1cc122308bccb52bdbbf57f870",
            "content_sha512": "7b503aad828b38478eeb2d8c5fd5e72ccbeaa4cbbe412b6a5f2a7eb81bcfddd8a41849ddf271675055268305184e1ebc9632d981170fa33be02f06a9d0f92d8b",
            "directory_permission": "0777",
            "file_permission": "0777",
            "filename": "productos-ysmj.txt",
            "id": "cfd84fd52eafb8a2b62d7bae660f4ace7cf5d41d",
            "sensitive_content": null,
            "source": null
          },
          "sensitive_attributes": [],
          "dependencies": [
            "random_string.sufijo"
          ]
        },
        {
          "index_key": 26,
          "schema_version": 0,
          "attributes": {
            "content": "lista de productos para el mes proximo",
            "content_base64": null,
            "content_base64sha256": "yjdpLJg56J6zsMJYhs6U+5SrbBzBIjCLzLUr279X+HA=",
            "content_base64sha512": "e1A6rYKLOEeO6y2MX9XnLMvqpMu+QStqXyp+uBvP3dikGEnd8nFnUFUmgwUYTh68ljLZgRcPozvgLwap0Pktiw==",
            "content_md5": "de36039aea37ed52d4854d93df99d73f",
            "content_sha1": "cfd84fd52eafb8a2b62d7bae660f4ace7cf5d41d",
            "content_sha256": "ca37692c9839e89eb3b0c25886ce94fb94ab6c1cc122308bccb52bdbbf57f870",
            "content_sha512": "7b503aad828b38478eeb2d8c5fd5e72ccbeaa4cbbe412b6a5f2a7eb81bcfddd8a41849ddf271675055268305184e1ebc9632d981170fa33be02f06a9d0f92d8b",
            "directory_permission": "0777",
            "file_permission": "0777",
            "filename": "productos-tsrn.txt",
            "id": "cfd84fd52eafb8a2b62d7bae660f4ace7cf5d41d",
            "sensitive_content": null,
            "source": null
          },
          "sensitive_attributes": [],
          "dependencies": [
            "random_string.sufijo"
          ]
        },
        {
          "index_key": 27,
          "schema_version": 0,
          "attributes": {
            "content": "lista de productos para el mes proximo",
            "content_base64": null,
            "content_base64sha256": "yjdpLJg56J6zsMJYhs6U+5SrbBzBIjCLzLUr279X+HA=",
            "content_base64sha512": "e1A6rYKLOEeO6y2MX9XnLMvqpMu+QStqXyp+uBvP3dikGEnd8nFnUFUmgwUYTh68ljLZgRcPozvgLwap0Pktiw==",
            "content_md5": "de36039aea37ed52d4854d93df99d73f",
            "content_sha1": "cfd84fd52eafb8a2b62d7bae660f4ace7cf5d41d",
            "content_sha256": "ca37692c9839e89eb3b0c25886ce94fb94ab6c1cc122308bccb52bdbbf57f870",
            "content_sha512": "7b503aad828b38478eeb2d8c5fd5e72ccbeaa4cbbe412b6a5f2a7eb81bcfddd8a41849ddf271675055268305184e1ebc9632d981170fa33be02f06a9d0f92d8b",
            "directory_permission": "0777",
            "file_permission": "0777",
            "filename": "productos-xtdf.txt",
            "id": "cfd84fd52eafb8a2b62d7bae660f4ace7cf5d41d",
            "sensitive_content": null,
            "source": null
          },
          "sensitive_attributes": [],
          "dependencies": [
            "random_string.sufijo"
          ]
        },
        {
          "index_key": 28,
          "schema_version": 0,
          "attributes": {
            "content": "lista de productos para el mes proximo",
            "content_base64": null,
            "content_base64sha256": "yjdpLJg56J6zsMJYhs6U+5SrbBzBIjCLzLUr279X+HA=",
            "content_base64sha512": "e1A6rYKLOEeO6y2MX9XnLMvqpMu+QStqXyp+uBvP3dikGEnd8nFnUFUmgwUYTh68ljLZgRcPozvgLwap0Pktiw==",
            "content_md5": "de36039aea37ed52d4854d93df99d73f",
            "content_sha1": "cfd84fd52eafb8a2b62d7bae660f4ace7cf5d41d",
            "content_sha256": "ca37692c9839e89eb3b0c25886ce94fb94ab6c1cc122308bccb52bdbbf57f870",
            "content_sha512": "7b503aad828b38478eeb2d8c5fd5e72ccbeaa4cbbe412b6a5f2a7eb81bcfddd8a41849ddf271675055268305184e1ebc9632d981170fa33be02f06a9d0f92d8b",
            "directory_permission": "0777",
            "file_permission": "0777",
            "filename": "productos-zaxp.txt",
            "id": "cfd84fd52eafb8a2b62d7bae660f4ace7cf5d41d",
            "sensitive_content": null,
            "source": null
          },
          "sensitive_attributes": [],
          "dependencies": [
            "random_string.sufijo"
          ]
        },
        {
          "index_key": 29,
          "schema_version": 0,
          "attributes": {
            "content": "lista de productos para el mes proximo",
            "content_base64": null,
            "content_base64sha256": "yjdpLJg56J6zsMJYhs6U+5SrbBzBIjCLzLUr279X+HA=",
            "content_base64sha512": "e1A6rYKLOEeO6y2MX9XnLMvqpMu+QStqXyp+uBvP3dikGEnd8nFnUFUmgwUYTh68ljLZgRcPozvgLwap0Pktiw==",
            "content_md5": "de36039aea37ed52d4854d93df99d73f",
            "content_sha1": "cfd84fd52eafb8a2b62d7bae660f4ace7cf5d41d",
            "content_sha256": "ca37692c9839e89eb3b0c25886ce94fb94ab6c1cc122308bccb52bdbbf57f870",
            "content_sha512": "7b503aad828b38478eeb2d8c5fd5e72ccbeaa4cbbe412b6a5f2a7eb81bcfddd8a41849ddf271675055268305184e1ebc9632d981170fa33be02f06a9d0f92d8b",
            "directory_permission": "0777",
            "file_permission": "0777",
            "filename": "productos-luqk.txt",
            "id": "cfd84fd52eafb8a2b62d7bae660f4ace7cf5d41d",
            "sensitive_content": null,
            "source": null
          },
          "sensitive_attributes": [],
          "dependencies": [
            "random_string.sufijo"
          ]
        },
        {
          "index_key": 30,
          "schema_version": 0,
          "attributes": {
            "content": "lista de productos para el mes proximo",
            "content_base64": null,
            "content_base64sha256": "yjdpLJg56J6zsMJYhs6U+5SrbBzBIjCLzLUr279X+HA=",
            "content_base64sha512": "e1A6rYKLOEeO6y2MX9XnLMvqpMu+QStqXyp+uBvP3dikGEnd8nFnUFUmgwUYTh68ljLZgRcPozvgLwap0Pktiw==",
            "content_md5": "de36039aea37ed52d4854d93df99d73f",
            "content_sha1": "cfd84fd52eafb8a2b62d7bae660f4ace7cf5d41d",
            "content_sha256": "ca37692c9839e89eb3b0c25886ce94fb94ab6c1cc122308bccb52bdbbf57f870",
            "content_sha512": "7b503aad828b38478eeb2d8c5fd5e72ccbeaa4cbbe412b6a5f2a7eb81bcfddd8a41849ddf271675055268305184e1ebc9632d981170fa33be02f06a9d0f92d8b",
            "directory_permission": "0777",
            "file_permission": "0777",
            "filename": "productos-djjb.txt",
            "id": "cfd84fd52eafb8a2b62d7bae660f4ace7cf5d41d",
            "sensitive_content": null,
            "source": null
          },
          "sensitive_attributes": [],
          "dependencies": [
            "random_string.sufijo"
          ]
        },
        {
          "index_key": 31,
          "schema_version": 0,
          "attributes": {
            "content": "lista de productos para el mes proximo",
            "content_base64": null,
            "content_base64sha256": "yjdpLJg56J6zsMJYhs6U+5SrbBzBIjCLzLUr279X+HA=",
            "content_base64sha512": "e1A6rYKLOEeO6y2MX9XnLMvqpMu+QStqXyp+uBvP3dikGEnd8nFnUFUmgwUYTh68ljLZgRcPozvgLwap0Pktiw==",
            "content_md5": "de36039aea37ed52d4854d93df99d73f",
            "content_sha1": "cfd84fd52eafb8a2b62d7bae660f4ace7cf5d41d",
            "content_sha256": "ca37692c9839e89eb3b0c25886ce94fb94ab6c1cc122308bccb52bdbbf57f870",
            "content_sha512": "7b503aad828b38478eeb2d8c5fd5e72ccbeaa4cbbe412b6a5f2a7eb81bcfddd8a41849ddf271675055268305184e1ebc9632d981170fa33be02f06a9d0f92d8b",
            "directory_permission": "0777",
            "file_permission": "0777",
            "filename": "productos-gfdu.txt",
            "id": "cfd84fd52eafb8a2b62d7bae660f4ace7cf5d41d",
            "sensitive_content": null,
            "source": null
          },
          "sensitive_attributes": [],
          "dependencies": [
            "random_string.sufijo"
          ]
        },
        {
          "index_key": 32,
          "schema_version": 0,
          "attributes": {
            "content": "lista de productos para el mes proximo",
            "content_base64": null,
            "content_base64sha256": "yjdpLJg56J6zsMJYhs6U+5SrbBzBIjCLzLUr279X+HA=",
            "content_base64sha512": "e1A6rYKLOEeO6y2MX9XnLMvqpMu+QStqXyp+uBvP3dikGEnd8nFnUFUmgwUYTh68ljLZgRcPozvgLwap0Pktiw==",
            "content_md5": "de36039aea37ed52d4854d93df99d73f",
            "content_sha1": "cfd84fd52eafb8a2b62d7bae660f4ace7cf5d41d",
            "content_sha256": "ca37692c9839e89eb3b0c25886ce94fb94ab6c1cc122308bccb52bdbbf57f870",
            "content_sha512": "7b503aad828b38478eeb2d8c5fd5e72ccbeaa4cbbe412b6a5f2a7eb81bcfddd8a41849ddf271675055268305184e1ebc9632d981170fa33be02f06a9d0f92d8b",
            "directory_permission": "0777",
            "file_permission": "0777",
            "filename": "productos-bqfo.txt",
            "id": "cfd84fd52eafb8a2b62d7bae660f4ace7cf5d41d",
            "sensitive_content": null,
            "source": null
          },
          "sensitive_attributes": [],
          "dependencies": [
            "random_string.sufijo"
          ]
        },
        {
          "index_key": 33,
          "schema_version": 0,
          "attributes": {
            "content": "lista de productos para el mes proximo",
            "content_base64": null,
            "content_base64sha256": "yjdpLJg56J6zsMJYhs6U+5SrbBzBIjCLzLUr279X+HA=",
            "content_base64sha512": "e1A6rYKLOEeO6y2MX9XnLMvqpMu+QStqXyp+uBvP3dikGEnd8nFnUFUmgwUYTh68ljLZgRcPozvgLwap0Pktiw==",
            "content_md5": "de36039aea37ed52d4854d93df99d73f",
            "content_sha1": "cfd84fd52eafb8a2b62d7bae660f4ace7cf5d41d",
            "content_sha256": "ca37692c9839e89eb3b0c25886ce94fb94ab6c1cc122308bccb52bdbbf57f870",
            "content_sha512": "7b503aad828b38478eeb2d8c5fd5e72ccbeaa4cbbe412b6a5f2a7eb81bcfddd8a41849ddf271675055268305184e1ebc9632d981170fa33be02f06a9d0f92d8b",
            "directory_permission": "0777",
            "file_permission": "0777",
            "filename": "productos-brhd.txt",
            "id": "cfd84fd52eafb8a2b62d7bae660f4ace7cf5d41d",
            "sensitive_content": null,
            "source": null
          },
          "sensitive_attributes": [],
          "dependencies": [
            "random_string.sufijo"
          ]
        },
        {
          "index_key": 34,
          "schema_version": 0,
          "attributes": {
            "content": "lista de productos para el mes proximo",
            "content_base64": null,
            "content_base64sha256": "yjdpLJg56J6zsMJYhs6U+5SrbBzBIjCLzLUr279X+HA=",
            "content_base64sha512": "e1A6rYKLOEeO6y2MX9XnLMvqpMu+QStqXyp+uBvP3dikGEnd8nFnUFUmgwUYTh68ljLZgRcPozvgLwap0Pktiw==",
            "content_md5": "de36039aea37ed52d4854d93df99d73f",
            "content_sha1": "cfd84fd52eafb8a2b62d7bae660f4ace7cf5d41d",
            "content_sha256": "ca37692c9839e89eb3b0c25886ce94fb94ab6c1cc122308bccb52bdbbf57f870",
            "content_sha512": "7b503aad828b38478eeb2d8c5fd5e72ccbeaa4cbbe412b6a5f2a7eb81bcfddd8a41849ddf271675055268305184e1ebc9632d981170fa33be02f06a9d0f92d8b",
            "directory_permission": "0777",
            "file_permission": "0777",
            "filename": "productos-ejtj.txt",
            "id": "cfd84fd52eafb8a2b62d7bae660f4ace7cf5d41d",
            "sensitive_content": null,
            "source": null
          },
          "sensitive_attributes": [],
          "dependencies": [
            "random_string.sufijo"
          ]
        },
        {
          "index_key": 35,
          "schema_version": 0,
          "attributes": {
            "content": "lista de productos para el mes proximo",
            "content_base64": null,
            "content_base64sha256": "yjdpLJg56J6zsMJYhs6U+5SrbBzBIjCLzLUr279X+HA=",
            "content_base64sha512": "e1A6rYKLOEeO6y2MX9XnLMvqpMu+QStqXyp+uBvP3dikGEnd8nFnUFUmgwUYTh68ljLZgRcPozvgLwap0Pktiw==",
            "content_md5": "de36039aea37ed52d4854d93df99d73f",
            "content_sha1": "cfd84fd52eafb8a2b62d7bae660f4ace7cf5d41d",
            "content_sha256": "ca37692c9839e89eb3b0c25886ce94fb94ab6c1cc122308bccb52bdbbf57f870",
            "content_sha512": "7b503aad828b38478eeb2d8c5fd5e72ccbeaa4cbbe412b6a5f2a7eb81bcfddd8a41849ddf271675055268305184e1ebc9632d981170fa33be02f06a9d0f92d8b",
            "directory_permission": "0777",
            "file_permission": "0777",
            "filename": "productos-odet.txt",
            "id": "cfd84fd52eafb8a2b62d7bae660f4ace7cf5d41d",
            "sensitive_content": null,
            "source": null
          },
          "sensitive_attributes": [],
          "dependencies": [
            "random_string.sufijo"
          ]
        },
        {
          "index_key": 36,
          "schema_version": 0,
          "attributes": {
            "content": "lista de productos para el mes proximo",
            "content_base64": null,
            "content_base64sha256": "yjdpLJg56J6zsMJYhs6U+5SrbBzBIjCLzLUr279X+HA=",
            "content_base64sha512": "e1A6rYKLOEeO6y2MX9XnLMvqpMu+QStqXyp+uBvP3dikGEnd8nFnUFUmgwUYTh68ljLZgRcPozvgLwap0Pktiw==",
            "content_md5": "de36039aea37ed52d4854d93df99d73f",
            "content_sha1": "cfd84fd52eafb8a2b62d7bae660f4ace7cf5d41d",
            "content_sha256": "ca37692c9839e89eb3b0c25886ce94fb94ab6c1cc122308bccb52bdbbf57f870",
            "content_sha512": "7b503aad828b38478eeb2d8c5fd5e72ccbeaa4cbbe412b6a5f2a7eb81bcfddd8a41849ddf271675055268305184e1ebc9632d981170fa33be02f06a9d0f92d8b",
            "directory_permission": "0777",
            "file_permission": "0777",
            "filename": "productos-ztmd.txt",
            "id": "cfd84fd52eafb8a2b62d7bae660f4ace7cf5d41d",
            "sensitive_content": null,
            "source": null
          },
          "sensitive_attributes": [],
          "dependencies": [
            "random_string.sufijo"
          ]
        },
        {
          "index_key": 37,
          "schema_version": 0,
          "attributes": {
            "content": "lista de productos para el mes proximo",
            "content_base64": null,
            "content_base64sha256": "yjdpLJg56J6zsMJYhs6U+5SrbBzBIjCLzLUr279X+HA=",
            "content_base64sha512": "e1A6rYKLOEeO6y2MX9XnLMvqpMu+QStqXyp+uBvP3dikGEnd8nFnUFUmgwUYTh68ljLZgRcPozvgLwap0Pktiw==",
            "content_md5": "de36039aea37ed52d4854d93df99d73f",
            "content_sha1": "cfd84fd52eafb8a2b62d7bae660f4ace7cf5d41d",
            "content_sha256": "ca37692c9839e89eb3b0c25886ce94fb94ab6c1cc122308bccb52bdbbf57f870",
            "content_sha512": "7b503aad828b38478eeb2d8c5fd5e72ccbeaa4cbbe412b6a5f2a7eb81bcfddd8a41849ddf271675055268305184e1ebc9632d981170fa33be02f06a9d0f92d8b",
            "directory_permission": "0777",
            "file_permission": "0777",
            "filename": "productos-uhdd.txt",
            "id": "cfd84fd52eafb8a2b62d7bae660f4ace7cf5d41d",
            "sensitive_content": null,
            "source": null
          },
          "sensitive_attributes": [],
          "dependencies": [
            "random_string.sufijo"
          ]
        },
        {
          "index_key": 38,
          "schema_version": 0,
          "attributes": {
            "content": "lista de productos para el mes proximo",
            "content_base64": null,
            "content_base64sha256": "yjdpLJg56J6zsMJYhs6U+5SrbBzBIjCLzLUr279X+HA=",
            "content_base64sha512": "e1A6rYKLOEeO6y2MX9XnLMvqpMu+QStqXyp+uBvP3dikGEnd8nFnUFUmgwUYTh68ljLZgRcPozvgLwap0Pktiw==",
            "content_md5": "de36039aea37ed52d4854d93df99d73f",
            "content_sha1": "cfd84fd52eafb8a2b62d7bae660f4ace7cf5d41d",
            "content_sha256": "ca37692c9839e89eb3b0c25886ce94fb94ab6c1cc122308bccb52bdbbf57f870",
            "content_sha512": "7b503aad828b38478eeb2d8c5fd5e72ccbeaa4cbbe412b6a5f2a7eb81bcfddd8a41849ddf271675055268305184e1ebc9632d981170fa33be02f06a9d0f92d8b",
            "directory_permission": "0777",
            "file_permission": "0777",
            "filename": "productos-fdgy.txt",
            "id": "cfd84fd52eafb8a2b62d7bae660f4ace7cf5d41d",
            "sensitive_content": null,
            "source": null
          },
          "sensitive_attributes": [],
          "dependencies": [
            "random_string.sufijo"
          ]
        },
        {
          "index_key": 39,
          "schema_version": 0,
          "attributes": {
            "content": "lista de productos para el mes proximo",
            "content_base64": null,
            "content_base64sha256": "yjdpLJg56J6zsMJYhs6U+5SrbBzBIjCLzLUr279X+HA=",
            "content_base64sha512": "e1A6rYKLOEeO6y2MX9XnLMvqpMu+QStqXyp+uBvP3dikGEnd8nFnUFUmgwUYTh68ljLZgRcPozvgLwap0Pktiw==",
            "content_md5": "de36039aea37ed52d4854d93df99d73f",
            "content_sha1": "cfd84fd52eafb8a2b62d7bae660f4ace7cf5d41d",
            "content_sha256": "ca37692c9839e89eb3b0c25886ce94fb94ab6c1cc122308bccb52bdbbf57f870",
            "content_sha512": "7b503aad828b38478eeb2d8c5fd5e72ccbeaa4cbbe412b6a5f2a7eb81bcfddd8a41849ddf271675055268305184e1ebc9632d981170fa33be02f06a9d0f92d8b",
            "directory_permission": "0777",
            "file_permission": "0777",
            "filename": "productos-flxt.txt",
            "id": "cfd84fd52eafb8a2b62d7bae660f4ace7cf5d41d",
            "sensitive_content": null,
            "source": null
          },
          "sensitive_attributes": [],
          "dependencies": [
            "random_string.sufijo"
          ]
        },
        {
          "index_key": 40,
          "schema_version": 0,
          "attributes": {
            "content": "lista de productos para el mes proximo",
            "content_base64": null,
            "content_base64sha256": "yjdpLJg56J6zsMJYhs6U+5SrbBzBIjCLzLUr279X+HA=",
            "content_base64sha512": "e1A6rYKLOEeO6y2MX9XnLMvqpMu+QStqXyp+uBvP3dikGEnd8nFnUFUmgwUYTh68ljLZgRcPozvgLwap0Pktiw==",
            "content_md5": "de36039aea37ed52d4854d93df99d73f",
            "content_sha1": "cfd84fd52eafb8a2b62d7bae660f4ace7cf5d41d",
            "content_sha256": "ca37692c9839e89eb3b0c25886ce94fb94ab6c1cc122308bccb52bdbbf57f870",
            "content_sha512": "7b503aad828b38478eeb2d8c5fd5e72ccbeaa4cbbe412b6a5f2a7eb81bcfddd8a41849ddf271675055268305184e1ebc9632d981170fa33be02f06a9d0f92d8b",
            "directory_permission": "0777",
            "file_permission": "0777",
            "filename": "productos-ybku.txt",
            "id": "cfd84fd52eafb8a2b62d7bae660f4ace7cf5d41d",
            "sensitive_content": null,
            "source": null
          },
          "sensitive_attributes": [],
          "dependencies": [
            "random_string.sufijo"
          ]
        },
        {
          "index_key": 41,
          "schema_version": 0,
          "attributes": {
            "content": "lista de productos para el mes proximo",
            "content_base64": null,
            "content_base64sha256": "yjdpLJg56J6zsMJYhs6U+5SrbBzBIjCLzLUr279X+HA=",
            "content_base64sha512": "e1A6rYKLOEeO6y2MX9XnLMvqpMu+QStqXyp+uBvP3dikGEnd8nFnUFUmgwUYTh68ljLZgRcPozvgLwap0Pktiw==",
            "content_md5": "de36039aea37ed52d4854d93df99d73f",
            "content_sha1": "cfd84fd52eafb8a2b62d7bae660f4ace7cf5d41d",
            "content_sha256": "ca37692c9839e89eb3b0c25886ce94fb94ab6c1cc122308bccb52bdbbf57f870",
            "content_sha512": "7b503aad828b38478eeb2d8c5fd5e72ccbeaa4cbbe412b6a5f2a7eb81bcfddd8a41849ddf271675055268305184e1ebc9632d981170fa33be02f06a9d0f92d8b",
            "directory_permission": "0777",
            "file_permission": "0777",
            "filename": "productos-wkyw.txt",
            "id": "cfd84fd52eafb8a2b62d7bae660f4ace7cf5d41d",
            "sensitive_content": null,
            "source": null
          },
          "sensitive_attributes": [],
          "dependencies": [
            "random_string.sufijo"
          ]
        },
        {
          "index_key": 42,
          "schema_version": 0,
          "attributes": {
            "content": "lista de productos para el mes proximo",
            "content_base64": null,
            "content_base64sha256": "yjdpLJg56J6zsMJYhs6U+5SrbBzBIjCLzLUr279X+HA=",
            "content_base64sha512": "e1A6rYKLOEeO6y2MX9XnLMvqpMu+QStqXyp+uBvP3dikGEnd8nFnUFUmgwUYTh68ljLZgRcPozvgLwap0Pktiw==",
            "content_md5": "de36039aea37ed52d4854d93df99d73f",
            "content_sha1": "cfd84fd52eafb8a2b62d7bae660f4ace7cf5d41d",
            "content_sha256": "ca37692c9839e89eb3b0c25886ce94fb94ab6c1cc122308bccb52bdbbf57f870",
            "content_sha512": "7b503aad828b38478eeb2d8c5fd5e72ccbeaa4cbbe412b6a5f2a7eb81bcfddd8a41849ddf271675055268305184e1ebc9632d981170fa33be02f06a9d0f92d8b",
            "directory_permission": "0777",
            "file_permission": "0777",
            "filename": "productos-pzvh.txt",
            "id": "cfd84fd52eafb8a2b62d7bae660f4ace7cf5d41d",
            "sensitive_content": null,
            "source": null
          },
          "sensitive_attributes": [],
          "dependencies": [
            "random_string.sufijo"
          ]
        },
        {
          "index_key": 43,
          "schema_version": 0,
          "attributes": {
            "content": "lista de productos para el mes proximo",
            "content_base64": null,
            "content_base64sha256": "yjdpLJg56J6zsMJYhs6U+5SrbBzBIjCLzLUr279X+HA=",
            "content_base64sha512": "e1A6rYKLOEeO6y2MX9XnLMvqpMu+QStqXyp+uBvP3dikGEnd8nFnUFUmgwUYTh68ljLZgRcPozvgLwap0Pktiw==",
            "content_md5": "de36039aea37ed52d4854d93df99d73f",
            "content_sha1": "cfd84fd52eafb8a2b62d7bae660f4ace7cf5d41d",
            "content_sha256": "ca37692c9839e89eb3b0c25886ce94fb94ab6c1cc122308bccb52bdbbf57f870",
            "content_sha512": "7b503aad828b38478eeb2d8c5fd5e72ccbeaa4cbbe412b6a5f2a7eb81bcfddd8a41849ddf271675055268305184e1ebc9632d981170fa33be02f06a9d0f92d8b",
            "directory_permission": "0777",
            "file_permission": "0777",
            "filename": "productos-mqfg.txt",
            "id": "cfd84fd52eafb8a2b62d7bae660f4ace7cf5d41d",
            "sensitive_content": null,
            "source": null
          },
          "sensitive_attributes": [],
          "dependencies": [
            "random_string.sufijo"
          ]
        },
        {
          "index_key": 44,
          "schema_version": 0,
          "attributes": {
            "content": "lista de productos para el mes proximo",
            "content_base64": null,
            "content_base64sha256": "yjdpLJg56J6zsMJYhs6U+5SrbBzBIjCLzLUr279X+HA=",
            "content_base64sha512": "e1A6rYKLOEeO6y2MX9XnLMvqpMu+QStqXyp+uBvP3dikGEnd8nFnUFUmgwUYTh68ljLZgRcPozvgLwap0Pktiw==",
            "content_md5": "de36039aea37ed52d4854d93df99d73f",
            "content_sha1": "cfd84fd52eafb8a2b62d7bae660f4ace7cf5d41d",
            "content_sha256": "ca37692c9839e89eb3b0c25886ce94fb94ab6c1cc122308bccb52bdbbf57f870",
            "content_sha512": "7b503aad828b38478eeb2d8c5fd5e72ccbeaa4cbbe412b6a5f2a7eb81bcfddd8a41849ddf271675055268305184e1ebc9632d981170fa33be02f06a9d0f92d8b",
            "directory_permission": "0777",
            "file_permission": "0777",
            "filename": "productos-veio.txt",
            "id": "cfd84fd52eafb8a2b62d7bae660f4ace7cf5d41d",
            "sensitive_content": null,
            "source": null
          },
          "sensitive_attributes": [],
          "dependencies": [
            "random_string.sufijo"
          ]
        },
        {
          "index_key": 45,
          "schema_version": 0,
          "attributes": {
            "content": "lista de productos para el mes proximo",
            "content_base64": null,
            "content_base64sha256": "yjdpLJg56J6zsMJYhs6U+5SrbBzBIjCLzLUr279X+HA=",
            "content_base64sha512": "e1A6rYKLOEeO6y2MX9XnLMvqpMu+QStqXyp+uBvP3dikGEnd8nFnUFUmgwUYTh68ljLZgRcPozvgLwap0Pktiw==",
            "content_md5": "de36039aea37ed52d4854d93df99d73f",
            "content_sha1": "cfd84fd52eafb8a2b62d7bae660f4ace7cf5d41d",
            "content_sha256": "ca37692c9839e89eb3b0c25886ce94fb94ab6c1cc122308bccb52bdbbf57f870",
            "content_sha512": "7b503aad828b38478eeb2d8c5fd5e72ccbeaa4cbbe412b6a5f2a7eb81bcfddd8a41849ddf271675055268305184e1ebc9632d981170fa33be02f06a9d0f92d8b",
            "directory_permission": "0777",
            "file_permission": "0777",
            "filename": "productos-vlbp.txt",
            "id": "cfd84fd52eafb8a2b62d7bae660f4ace7cf5d41d",
            "sensitive_content": null,
            "source": null
          },
          "sensitive_attributes": [],
          "dependencies": [
            "random_string.sufijo"
          ]
        },
        {
          "index_key": 46,
          "schema_version": 0,
          "attributes": {
            "content": "lista de productos para el mes proximo",
            "content_base64": null,
            "content_base64sha256": "yjdpLJg56J6zsMJYhs6U+5SrbBzBIjCLzLUr279X+HA=",
            "content_base64sha512": "e1A6rYKLOEeO6y2MX9XnLMvqpMu+QStqXyp+uBvP3dikGEnd8nFnUFUmgwUYTh68ljLZgRcPozvgLwap0Pktiw==",
            "content_md5": "de36039aea37ed52d4854d93df99d73f",
            "content_sha1": "cfd84fd52eafb8a2b62d7bae660f4ace7cf5d41d",
            "content_sha256": "ca37692c9839e89eb3b0c25886ce94fb94ab6c1cc122308bccb52bdbbf57f870",
            "content_sha512": "7b503aad828b38478eeb2d8c5fd5e72ccbeaa4cbbe412b6a5f2a7eb81bcfddd8a41849ddf271675055268305184e1ebc9632d981170fa33be02f06a9d0f92d8b",
            "directory_permission": "0777",
            "file_permission": "0777",
            "filename": "productos-evpw.txt",
            "id": "cfd84fd52eafb8a2b62d7bae660f4ace7cf5d41d",
            "sensitive_content": null,
            "source": null
          },
          "sensitive_attributes": [],
          "dependencies": [
            "random_string.sufijo"
          ]
        },
        {
          "index_key": 47,
          "schema_version": 0,
          "attributes": {
            "content": "lista de productos para el mes proximo",
            "content_base64": null,
            "content_base64sha256": "yjdpLJg56J6zsMJYhs6U+5SrbBzBIjCLzLUr279X+HA=",
            "content_base64sha512": "e1A6rYKLOEeO6y2MX9XnLMvqpMu+QStqXyp+uBvP3dikGEnd8nFnUFUmgwUYTh68ljLZgRcPozvgLwap0Pktiw==",
            "content_md5": "de36039aea37ed52d4854d93df99d73f",
            "content_sha1": "cfd84fd52eafb8a2b62d7bae660f4ace7cf5d41d",
            "content_sha256": "ca37692c9839e89eb3b0c25886ce94fb94ab6c1cc122308bccb52bdbbf57f870",
            "content_sha512": "7b503aad828b38478eeb2d8c5fd5e72ccbeaa4cbbe412b6a5f2a7eb81bcfddd8a41849ddf271675055268305184e1ebc9632d981170fa33be02f06a9d0f92d8b",
            "directory_permission": "0777",
            "file_permission": "0777",
            "filename": "productos-qwqm.txt",
            "id": "cfd84fd52eafb8a2b62d7bae660f4ace7cf5d41d",
            "sensitive_content": null,
            "source": null
          },
          "sensitive_attributes": [],
          "dependencies": [
            "random_string.sufijo"
          ]
        },
        {
          "index_key": 48,
          "schema_version": 0,
          "attributes": {
            "content": "lista de productos para el mes proximo",
            "content_base64": null,
            "content_base64sha256": "yjdpLJg56J6zsMJYhs6U+5SrbBzBIjCLzLUr279X+HA=",
            "content_base64sha512": "e1A6rYKLOEeO6y2MX9XnLMvqpMu+QStqXyp+uBvP3dikGEnd8nFnUFUmgwUYTh68ljLZgRcPozvgLwap0Pktiw==",
            "content_md5": "de36039aea37ed52d4854d93df99d73f",
            "content_sha1": "cfd84fd52eafb8a2b62d7bae660f4ace7cf5d41d",
            "content_sha256": "ca37692c9839e89eb3b0c25886ce94fb94ab6c1cc122308bccb52bdbbf57f870",
            "content_sha512": "7b503aad828b38478eeb2d8c5fd5e72ccbeaa4cbbe412b6a5f2a7eb81bcfddd8a41849ddf271675055268305184e1ebc9632d981170fa33be02f06a9d0f92d8b",
            "directory_permission": "0777",
            "file_permission": "0777",
            "filename": "productos-pwtu.txt",
            "id": "cfd84fd52eafb8a2b62d7bae660f4ace7cf5d41d",
            "sensitive_content": null,
            "source": null
          },
          "sensitive_attributes": [],
          "dependencies": [
            "random_string.sufijo"
          ]
        },
        {
          "index_key": 49,
          "schema_version": 0,
          "attributes": {
            "content": "lista de productos para el mes proximo",
            "content_base64": null,
            "content_base64sha256": "yjdpLJg56J6zsMJYhs6U+5SrbBzBIjCLzLUr279X+HA=",
            "content_base64sha512": "e1A6rYKLOEeO6y2MX9XnLMvqpMu+QStqXyp+uBvP3dikGEnd8nFnUFUmgwUYTh68ljLZgRcPozvgLwap0Pktiw==",
            "content_md5": "de36039aea37ed52d4854d93df99d73f",
            "content_sha1": "cfd84fd52eafb8a2b62d7bae660f4ace7cf5d41d",
            "content_sha256": "ca37692c9839e89eb3b0c25886ce94fb94ab6c1cc122308bccb52bdbbf57f870",
            "content_sha512": "7b503aad828b38478eeb2d8c5fd5e72ccbeaa4cbbe412b6a5f2a7eb81bcfddd8a41849ddf271675055268305184e1ebc9632d981170fa33be02f06a9d0f92d8b",
            "directory_permission": "0777",
            "file_permission": "0777",
            "filename": "productos-uqbm.txt",
            "id": "cfd84fd52eafb8a2b62d7bae660f4ace7cf5d41d",
            "sensitive_content": null,
            "source": null
          },
          "sensitive_attributes": [],
          "dependencies": [
            "random_string.sufijo"
          ]
        }
      ]
    },
    {
      "mode": "managed",
      "type": "random_string",
      "name": "sufijo",
      "provider": "provider[\"registry.terraform.io/hashicorp/random\"]",
      "instances": [
        {
          "index_key": 0,
          "schema_version": 2,
          "attributes": {
            "id": "cwoj",
            "keepers": null,
            "length": 4,
            "lower": true,
            "min_lower": 0,
            "min_numeric": 0,
            "min_special": 0,
            "min_upper": 0,
            "number": false,
            "numeric": false,
            "override_special": null,
            "result": "cwoj",
            "special": false,
            "upper": false
          },
          "sensitive_attributes": []
        },
        {
          "index_key": 1,
          "schema_version": 2,
          "attributes": {
            "id": "spcl",
            "keepers": null,
            "length": 4,
            "lower": true,
            "min_lower": 0,
            "min_numeric": 0,
            "min_special": 0,
            "min_upper": 0,
            "number": false,
            "numeric": false,
            "override_special": null,
            "result": "spcl",
            "special": false,
            "upper": false
          },
          "sensitive_attributes": []
        },
        {
          "index_key": 2,
          "schema_version": 2,
          "attributes": {
            "id": "dxxa",
            "keepers": null,
            "length": 4,
            "lower": true,
            "min_lower": 0,
            "min_numeric": 0,
            "min_special": 0,
            "min_upper": 0,
            "number": false,
            "numeric": false,
            "override_special": null,
            "result": "dxxa",
            "special": false,
            "upper": false
          },
          "sensitive_attributes": []
        },
        {
          "index_key": 3,
          "schema_version": 2,
          "attributes": {
            "id": "ngos",
            "keepers": null,
            "length": 4,
            "lower": true,
            "min_lower": 0,
            "min_numeric": 0,
            "min_special": 0,
            "min_upper": 0,
            "number": false,
            "numeric": false,
            "override_special": null,
            "result": "ngos",
            "special": false,
            "upper": false
          },
          "sensitive_attributes": []
        },
        {
          "index_key": 4,
          "schema_version": 2,
          "attributes": {
            "id": "adte",
            "keepers": null,
            "length": 4,
            "lower": true,
            "min_lower": 0,
            "min_numeric": 0,
            "min_special": 0,
            "min_upper": 0,
            "number": false,
            "numeric": false,
            "override_special": null,
            "result": "adte",
            "special": false,
            "upper": false
          },
          "sensitive_attributes": []
        },
        {
          "index_key": 5,
          "schema_version": 2,
          "attributes": {
            "id": "ooel",
            "keepers": null,
            "length": 4,
            "lower": true,
            "min_lower": 0,
            "min_numeric": 0,
            "min_special": 0,
            "min_upper": 0,
            "number": false,
            "numeric": false,
            "override_special": null,
            "result": "ooel",
            "special": false,
            "upper": false
          },
          "sensitive_attributes": []
        },
        {
          "index_key": 6,
          "schema_version": 2,
          "attributes": {
            "id": "efgo",
            "keepers": null,
            "length": 4,
            "lower": true,
            "min_lower": 0,
            "min_numeric": 0,
            "min_special": 0,
            "min_upper": 0,
            "number": false,
            "numeric": false,
            "override_special": null,
            "result": "efgo",
            "special": false,
            "upper": false
          },
          "sensitive_attributes": []
        },
        {
          "index_key": 7,
          "schema_version": 2,
          "attributes": {
            "id": "hqli",
            "keepers": null,
            "length": 4,
            "lower": true,
            "min_lower": 0,
            "min_numeric": 0,
            "min_special": 0,
            "min_upper": 0,
            "number": false,
            "numeric": false,
            "override_special": null,
            "result": "hqli",
            "special": false,
            "upper": false
          },
          "sensitive_attributes": []
        },
        {
          "index_key": 8,
          "schema_version": 2,
          "attributes": {
            "id": "hiqv",
            "keepers": null,
            "length": 4,
            "lower": true,
            "min_lower": 0,
            "min_numeric": 0,
            "min_special": 0,
            "min_upper": 0,
            "number": false,
            "numeric": false,
            "override_special": null,
            "result": "hiqv",
            "special": false,
            "upper": false
          },
          "sensitive_attributes": []
        },
        {
          "index_key": 9,
          "schema_version": 2,
          "attributes": {
            "id": "idex",
            "keepers": null,
            "length": 4,
            "lower": true,
            "min_lower": 0,
            "min_numeric": 0,
            "min_special": 0,
            "min_upper": 0,
            "number": false,
            "numeric": false,
            "override_special": null,
            "result": "idex",
            "special": false,
            "upper": false
          },
          "sensitive_attributes": []
        },
        {
          "index_key": 10,
          "schema_version": 2,
          "attributes": {
            "id": "vmwe",
            "keepers": null,
            "length": 4,
            "lower": true,
            "min_lower": 0,
            "min_numeric": 0,
            "min_special": 0,
            "min_upper": 0,
            "number": false,
            "numeric": false,
            "override_special": null,
            "result": "vmwe",
            "special": false,
            "upper": false
          },
          "sensitive_attributes": []
        },
        {
          "index_key": 11,
          "schema_version": 2,
          "attributes": {
            "id": "rwjf",
            "keepers": null,
            "length": 4,
            "lower": true,
            "min_lower": 0,
            "min_numeric": 0,
            "min_special": 0,
            "min_upper": 0,
            "number": false,
            "numeric": false,
            "override_special": null,
            "result": "rwjf",
            "special": false,
            "upper": false
          },
          "sensitive_attributes": []
        },
        {
          "index_key": 12,
          "schema_version": 2,
          "attributes": {
            "id": "lqzf",
            "keepers": null,
            "length": 4,
            "lower": true,
            "min_lower": 0,
            "min_numeric": 0,
            "min_special": 0,
            "min_upper": 0,
            "number": false,
            "numeric": false,
            "override_special": null,
            "result": "lqzf",
            "special": false,
            "upper": false
          },
          "sensitive_attributes": []
        },
        {
          "index_key": 13,
          "schema_version": 2,
          "attributes": {
            "id": "wzpn",
            "keepers": null,
            "length": 4,
            "lower": true,
            "min_lower": 0,
            "min_numeric": 0,
            "min_special": 0,
            "min_upper": 0,
            "number": false,
            "numeric": false,
            "override_special": null,
            "result": "wzpn",
            "special": false,
            "upper": false
          },
          "sensitive_attributes": []
        },
        {
          "index_key": 14,
          "schema_version": 2,
          "attributes": {
            "id": "udmz",
            "keepers": null,
            "length": 4,
            "lower": true,
            "min_lower": 0,
            "min_numeric": 0,
            "min_special": 0,
            "min_upper": 0,
            "number": false,
            "numeric": false,
            "override_special": null,
            "result": "udmz",
            "special": false,
            "upper": false
          },
          "sensitive_attributes": []
        },
        {
          "index_key": 15,
          "schema_version": 2,
          "attributes": {
            "id": "oyim",
            "keepers": null,
            "length": 4,
            "lower": true,
            "min_lower": 0,
            "min_numeric": 0,
            "min_special": 0,
            "min_upper": 0,
            "number": false,
            "numeric": false,
            "override_special": null,
            "result": "oyim",
            "special": false,
            "upper": false
          },
          "sensitive_attributes": []
        },
        {
          "index_key": 16,
          "schema_version": 2,
          "attributes": {
            "id": "ewvb",
            "keepers": null,
            "length": 4,
            "lower": true,
            "min_lower": 0,
            "min_numeric": 0,
            "min_special": 0,
            "min_upper": 0,
            "number": false,
            "numeric": false,
            "override_special": null,
            "result": "ewvb",
            "special": false,
            "upper": false
          },
          "sensitive_attributes": []
        },
        {
          "index_key": 17,
          "schema_version": 2,
          "attributes": {
            "id": "hgbg",
            "keepers": null,
            "length": 4,
            "lower": true,
            "min_lower": 0,
            "min_numeric": 0,
            "min_special": 0,
            "min_upper": 0,
            "number": false,
            "numeric": false,
            "override_special": null,
            "result": "hgbg",
            "special": false,
            "upper": false
          },
          "sensitive_attributes": []
        },
        {
          "index_key": 18,
          "schema_version": 2,
          "attributes": {
            "id": "cdnc",
            "keepers": null,
            "length": 4,
            "lower": true,
            "min_lower": 0,
            "min_numeric": 0,
            "min_special": 0,
            "min_upper": 0,
            "number": false,
            "numeric": false,
            "override_special": null,
            "result": "cdnc",
            "special": false,
            "upper": false
          },
          "sensitive_attributes": []
        },
        {
          "index_key": 19,
          "schema_version": 2,
          "attributes": {
            "id": "ecab",
            "keepers": null,
            "length": 4,
            "lower": true,
            "min_lower": 0,
            "min_numeric": 0,
            "min_special": 0,
            "min_upper": 0,
            "number": false,
            "numeric": false,
            "override_special": null,
            "result": "ecab",
            "special": false,
            "upper": false
          },
          "sensitive_attributes": []
        },
        {
          "index_key": 20,
          "schema_version": 2,
          "attributes": {
            "id": "iqog",
            "keepers": null,
            "length": 4,
            "lower": true,
            "min_lower": 0,
            "min_numeric": 0,
            "min_special": 0,
            "min_upper": 0,
            "number": false,
            "numeric": false,
            "override_special": null,
            "result": "iqog",
            "special": false,
            "upper": false
          },
          "sensitive_attributes": []
        },
        {
          "index_key": 21,
          "schema_version": 2,
          "attributes": {
            "id": "rrqt",
            "keepers": null,
            "length": 4,
            "lower": true,
            "min_lower": 0,
            "min_numeric": 0,
            "min_special": 0,
            "min_upper": 0,
            "number": false,
            "numeric": false,
            "override_special": null,
            "result": "rrqt",
            "special": false,
            "upper": false
          },
          "sensitive_attributes": []
        },
        {
          "index_key": 22,
          "schema_version": 2,
          "attributes": {
            "id": "jryq",
            "keepers": null,
            "length": 4,
            "lower": true,
            "min_lower": 0,
            "min_numeric": 0,
            "min_special": 0,
            "min_upper": 0,
            "number": false,
            "numeric": false,
            "override_special": null,
            "result": "jryq",
            "special": false,
            "upper": false
          },
          "sensitive_attributes": []
        },
        {
          "index_key": 23,
          "schema_version": 2,
          "attributes": {
            "id": "ycug",
            "keepers": null,
            "length": 4,
            "lower": true,
            "min_lower": 0,
            "min_numeric": 0,
            "min_special": 0,
            "min_upper": 0,
            "number": false,
            "numeric": false,
            "override_special": null,
            "result": "ycug",
            "special": false,
            "upper": false
          },
          "sensitive_attributes": []
        },
        {
          "index_key": 24,
          "schema_version": 2,
          "attributes": {
            "id": "izni",
            "keepers": null,
            "length": 4,
            "lower": true,
            "min_lower": 0,
            "min_numeric": 0,
            "min_special": 0,
            "min_upper": 0,
            "number": false,
            "numeric": false,
            "override_special": null,
            "result": "izni",
            "special": false,
            "upper": false
          },
          "sensitive_attributes": []
        },
        {
          "index_key": 25,
          "schema_version": 2,
          "attributes": {
            "id": "ysmj",
            "keepers": null,
            "length": 4,
            "lower": true,
            "min_lower": 0,
            "min_numeric": 0,
            "min_special": 0,
            "min_upper": 0,
            "number": false,
            "numeric": false,
            "override_special": null,
            "result": "ysmj",
            "special": false,
            "upper": false
          },
          "sensitive_attributes": []
        },
        {
          "index_key": 26,
          "schema_version": 2,
          "attributes": {
            "id": "tsrn",
            "keepers": null,
            "length": 4,
            "lower": true,
            "min_lower": 0,
            "min_numeric": 0,
            "min_special": 0,
            "min_upper": 0,
            "number": false,
            "numeric": false,
            "override_special": null,
            "result": "tsrn",
            "special": false,
            "upper": false
          },
          "sensitive_attributes": []
        },
        {
          "index_key": 27,
          "schema_version": 2,
          "attributes": {
            "id": "xtdf",
            "keepers": null,
            "length": 4,
            "lower": true,
            "min_lower": 0,
            "min_numeric": 0,
            "min_special": 0,
            "min_upper": 0,
            "number": false,
            "numeric": false,
            "override_special": null,
            "result": "xtdf",
            "special": false,
            "upper": false
          },
          "sensitive_attributes": []
        },
        {
          "index_key": 28,
          "schema_version": 2,
          "attributes": {
            "id": "zaxp",
            "keepers": null,
            "length": 4,
            "lower": true,
            "min_lower": 0,
            "min_numeric": 0,
            "min_special": 0,
            "min_upper": 0,
            "number": false,
            "numeric": false,
            "override_special": null,
            "result": "zaxp",
            "special": false,
            "upper": false
          },
          "sensitive_attributes": []
        },
        {
          "index_key": 29,
          "schema_version": 2,
          "attributes": {
            "id": "luqk",
            "keepers": null,
            "length": 4,
            "lower": true,
            "min_lower": 0,
            "min_numeric": 0,
            "min_special": 0,
            "min_upper": 0,
            "number": false,
            "numeric": false,
            "override_special": null,
            "result": "luqk",
            "special": false,
            "upper": false
          },
          "sensitive_attributes": []
        },
        {
          "index_key": 30,
          "schema_version": 2,
          "attributes": {
            "id": "djjb",
            "keepers": null,
            "length": 4,
            "lower": true,
            "min_lower": 0,
            "min_numeric": 0,
            "min_special": 0,
            "min_upper": 0,
            "number": false,
            "numeric": false,
            "override_special": null,
            "result": "djjb",
            "special": false,
            "upper": false
          },
          "sensitive_attributes": []
        },
        {
          "index_key": 31,
          "schema_version": 2,
          "attributes": {
            "id": "gfdu",
            "keepers": null,
            "length": 4,
            "lower": true,
            "min_lower": 0,
            "min_numeric": 0,
            "min_special": 0,
            "min_upper": 0,
            "number": false,
            "numeric": false,
            "override_special": null,
            "result": "gfdu",
            "special": false,
            "upper": false
          },
          "sensitive_attributes": []
        },
        {
          "index_key": 32,
          "schema_version": 2,
          "attributes": {
            "id": "bqfo",
            "keepers": null,
            "length": 4,
            "lower": true,
            "min_lower": 0,
            "min_numeric": 0,
            "min_special": 0,
            "min_upper": 0,
            "number": false,
            "numeric": false,
            "override_special": null,
            "result": "bqfo",
            "special": false,
            "upper": false
          },
          "sensitive_attributes": []
        },
        {
          "index_key": 33,
          "schema_version": 2,
          "attributes": {
            "id": "brhd",
            "keepers": null,
            "length": 4,
            "lower": true,
            "min_lower": 0,
            "min_numeric": 0,
            "min_special": 0,
            "min_upper": 0,
            "number": false,
            "numeric": false,
            "override_special": null,
            "result": "brhd",
            "special": false,
            "upper": false
          },
          "sensitive_attributes": []
        },
        {
          "index_key": 34,
          "schema_version": 2,
          "attributes": {
            "id": "ejtj",
            "keepers": null,
            "length": 4,
            "lower": true,
            "min_lower": 0,
            "min_numeric": 0,
            "min_special": 0,
            "min_upper": 0,
            "number": false,
            "numeric": false,
            "override_special": null,
            "result": "ejtj",
            "special": false,
            "upper": false
          },
          "sensitive_attributes": []
        },
        {
          "index_key": 35,
          "schema_version": 2,
          "attributes": {
            "id": "odet",
            "keepers": null,
            "length": 4,
            "lower": true,
            "min_lower": 0,
            "min_numeric": 0,
            "min_special": 0,
            "min_upper": 0,
            "number": false,
            "numeric": false,
            "override_special": null,
            "result": "odet",
            "special": false,
            "upper": false
          },
          "sensitive_attributes": []
        },
        {
          "index_key": 36,
          "schema_version": 2,
          "attributes": {
            "id": "ztmd",
            "keepers": null,
            "length": 4,
            "lower": true,
            "min_lower": 0,
            "min_numeric": 0,
            "min_special": 0,
            "min_upper": 0,
            "number": false,
            "numeric": false,
            "override_special": null,
            "result": "ztmd",
            "special": false,
            "upper": false
          },
          "sensitive_attributes": []
        },
        {
          "index_key": 37,
          "schema_version": 2,
          "attributes": {
            "id": "uhdd",
            "keepers": null,
            "length": 4,
            "lower": true,
            "min_lower": 0,
            "min_numeric": 0,
            "min_special": 0,
            "min_upper": 0,
            "number": false,
            "numeric": false,
            "override_special": null,
            "result": "uhdd",
            "special": false,
            "upper": false
          },
          "sensitive_attributes": []
        },
        {
          "index_key": 38,
          "schema_version": 2,
          "attributes": {
            "id": "fdgy",
            "keepers": null,
            "length": 4,
            "lower": true,
            "min_lower": 0,
            "min_numeric": 0,
            "min_special": 0,
            "min_upper": 0,
            "number": false,
            "numeric": false,
            "override_special": null,
            "result": "fdgy",
            "special": false,
            "upper": false
          },
          "sensitive_attributes": []
        },
        {
          "index_key": 39,
          "schema_version": 2,
          "attributes": {
            "id": "flxt",
            "keepers": null,
            "length": 4,
            "lower": true,
            "min_lower": 0,
            "min_numeric": 0,
            "min_special": 0,
            "min_upper": 0,
            "number": false,
            "numeric": false,
            "override_special": null,
            "result": "flxt",
            "special": false,
            "upper": false
          },
          "sensitive_attributes": []
        },
        {
          "index_key": 40,
          "schema_version": 2,
          "attributes": {
            "id": "ybku",
            "keepers": null,
            "length": 4,
            "lower": true,
            "min_lower": 0,
            "min_numeric": 0,
            "min_special": 0,
            "min_upper": 0,
            "number": false,
            "numeric": false,
            "override_special": null,
            "result": "ybku",
            "special": false,
            "upper": false
          },
          "sensitive_attributes": []
        },
        {
          "index_key": 41,
          "schema_version": 2,
          "attributes": {
            "id": "wkyw",
            "keepers": null,
            "length": 4,
            "lower": true,
            "min_lower": 0,
            "min_numeric": 0,
            "min_special": 0,
            "min_upper": 0,
            "number": false,
            "numeric": false,
            "override_special": null,
            "result": "wkyw",
            "special": false,
            "upper": false
          },
          "sensitive_attributes": []
        },
        {
          "index_key": 42,
          "schema_version": 2,
          "attributes": {
            "id": "pzvh",
            "keepers": null,
            "length": 4,
            "lower": true,
            "min_lower": 0,
            "min_numeric": 0,
            "min_special": 0,
            "min_upper": 0,
            "number": false,
            "numeric": false,
            "override_special": null,
            "result": "pzvh",
            "special": false,
            "upper": false
          },
          "sensitive_attributes": []
        },
        {
          "index_key": 43,
          "schema_version": 2,
          "attributes": {
            "id": "mqfg",
            "keepers": null,
            "length": 4,
            "lower": true,
            "min_lower": 0,
            "min_numeric": 0,
            "min_special": 0,
            "min_upper": 0,
            "number": false,
            "numeric": false,
            "override_special": null,
            "result": "mqfg",
            "special": false,
            "upper": false
          },
          "sensitive_attributes": []
        },
        {
          "index_key": 44,
          "schema_version": 2,
          "attributes": {
            "id": "veio",
            "keepers": null,
            "length": 4,
            "lower": true,
            "min_lower": 0,
            "min_numeric": 0,
            "min_special": 0,
            "min_upper": 0,
            "number": false,
            "numeric": false,
            "override_special": null,
            "result": "veio",
            "special": false,
            "upper": false
          },
          "sensitive_attributes": []
        },
        {
          "index_key": 45,
          "schema_version": 2,
          "attributes": {
            "id": "vlbp",
            "keepers": null,
            "length": 4,
            "lower": true,
            "min_lower": 0,
            "min_numeric": 0,
            "min_special": 0,
            "min_upper": 0,
            "number": false,
            "numeric": false,
            "override_special": null,
            "result": "vlbp",
            "special": false,
            "upper": false
          },
          "sensitive_attributes": []
        },
        {
          "index_key": 46,
          "schema_version": 2,
          "attributes": {
            "id": "evpw",
            "keepers": null,
            "length": 4,
            "lower": true,
            "min_lower": 0,
            "min_numeric": 0,
            "min_special": 0,
            "min_upper": 0,
            "number": false,
            "numeric": false,
            "override_special": null,
            "result": "evpw",
            "special": false,
            "upper": false
          },
          "sensitive_attributes": []
        },
        {
          "index_key": 47,
          "schema_version": 2,
          "attributes": {
            "id": "qwqm",
            "keepers": null,
            "length": 4,
            "lower": true,
            "min_lower": 0,
            "min_numeric": 0,
            "min_special": 0,
            "min_upper": 0,
            "number": false,
            "numeric": false,
            "override_special": null,
            "result": "qwqm",
            "special": false,
            "upper": false
          },
          "sensitive_attributes": []
        },
        {
          "index_key": 48,
          "schema_version": 2,
          "attributes": {
            "id": "pwtu",
            "keepers": null,
            "length": 4,
            "lower": true,
            "min_lower": 0,
            "min_numeric": 0,
            "min_special": 0,
            "min_upper": 0,
            "number": false,
            "numeric": false,
            "override_special": null,
            "result": "pwtu",
            "special": false,
            "upper": false
          },
          "sensitive_attributes": []
        },
        {
          "index_key": 49,
          "schema_version": 2,
          "attributes": {
            "id": "uqbm",
            "keepers": null,
            "length": 4,
            "lower": true,
            "min_lower": 0,
            "min_numeric": 0,
            "min_special": 0,
            "min_upper": 0,
            "number": false,
            "numeric": false,
            "override_special": null,
            "result": "uqbm",
            "special": false,
            "upper": false
          },
          "sensitive_attributes": []
        }
      ]
    }
  ],
  "check_results": null
}
